// !$*UTF8*$!
{
	archiveVersion = 1;
	classes = {
	};
	objectVersion = 46;
	objects = {

/* Begin PBXBuildFile section */
		170825E71B2CBABB00304F8F /* AppDelegate.swift in Sources */ = {isa = PBXBuildFile; fileRef = 170825E61B2CBABB00304F8F /* AppDelegate.swift */; };
		170825E91B2CBABB00304F8F /* SiteFormViewController.swift in Sources */ = {isa = PBXBuildFile; fileRef = 170825E81B2CBABB00304F8F /* SiteFormViewController.swift */; };
		170825EC1B2CBABB00304F8F /* Main.storyboard in Resources */ = {isa = PBXBuildFile; fileRef = 170825EA1B2CBABB00304F8F /* Main.storyboard */; };
		171140EA1B31F7F700AB4335 /* TestHarnessForCompassViewController.swift in Sources */ = {isa = PBXBuildFile; fileRef = 171140E71B31F7F700AB4335 /* TestHarnessForCompassViewController.swift */; };
		171140EB1B31F7F700AB4335 /* TestHarnessForLogTableViewController.swift in Sources */ = {isa = PBXBuildFile; fileRef = 171140E81B31F7F700AB4335 /* TestHarnessForLogTableViewController.swift */; };
		171140EC1B31F7F700AB4335 /* TestHarnessForWebSiteViewController.swift in Sources */ = {isa = PBXBuildFile; fileRef = 171140E91B31F7F700AB4335 /* TestHarnessForWebSiteViewController.swift */; };
		171140EF1B31F85500AB4335 /* Labs.storyboard in Resources */ = {isa = PBXBuildFile; fileRef = 171140ED1B31F85500AB4335 /* Labs.storyboard */; };
		171140F11B31F96900AB4335 /* TestHarnessEntryLogTableViewCell.swift in Sources */ = {isa = PBXBuildFile; fileRef = 171140F01B31F96900AB4335 /* TestHarnessEntryLogTableViewCell.swift */; };
		17336D551B42F81B0063FB70 /* Localizable.strings in Resources */ = {isa = PBXBuildFile; fileRef = 17336D541B42F81B0063FB70 /* Localizable.strings */; };
		1734544B1B30771300931278 /* SiteListTableViewController.swift in Sources */ = {isa = PBXBuildFile; fileRef = 1734544A1B30771300931278 /* SiteListTableViewController.swift */; };
		1734545F1B30A8A200931278 /* SiteTableViewCell.swift in Sources */ = {isa = PBXBuildFile; fileRef = 1734545E1B30A8A200931278 /* SiteTableViewCell.swift */; };
		1739B1BE1B31141000C22762 /* html in Resources */ = {isa = PBXBuildFile; fileRef = 1739B1BD1B31141000C22762 /* html */; };
		1739B1CA1B31152C00C22762 /* SiteDetailViewController.swift in Sources */ = {isa = PBXBuildFile; fileRef = 1739B1C81B31152C00C22762 /* SiteDetailViewController.swift */; };
		176B070E1B52115100350C65 /* TestHarnessTableViewController.swift in Sources */ = {isa = PBXBuildFile; fileRef = 176B070D1B52115100350C65 /* TestHarnessTableViewController.swift */; };
		176CF74C1B385C6A009B7E92 /* ModelController.swift in Sources */ = {isa = PBXBuildFile; fileRef = 176CF74B1B385C6A009B7E92 /* ModelController.swift */; };
		176CF74E1B385D33009B7E92 /* SiteListPageViewController.swift in Sources */ = {isa = PBXBuildFile; fileRef = 176CF74D1B385D33009B7E92 /* SiteListPageViewController.swift */; };
		1771B04D1B75235C006C1F5E /* NightscouterKit.framework in Frameworks */ = {isa = PBXBuildFile; fileRef = 1771B0421B75235B006C1F5E /* NightscouterKit.framework */; };
		1771B0561B75235C006C1F5E /* NightscouterKitTests.swift in Sources */ = {isa = PBXBuildFile; fileRef = 1771B0551B75235C006C1F5E /* NightscouterKitTests.swift */; };
		1771B0591B75235C006C1F5E /* NightscouterKit.framework in Frameworks */ = {isa = PBXBuildFile; fileRef = 1771B0421B75235B006C1F5E /* NightscouterKit.framework */; };
		1771B05A1B75235C006C1F5E /* NightscouterKit.framework in Embed Frameworks */ = {isa = PBXBuildFile; fileRef = 1771B0421B75235B006C1F5E /* NightscouterKit.framework */; settings = {ATTRIBUTES = (CodeSignOnCopy, RemoveHeadersOnCopy, ); }; };
		1771B0661B7524AA006C1F5E /* AppDataManager.swift in Sources */ = {isa = PBXBuildFile; fileRef = 1771B0621B7524AA006C1F5E /* AppDataManager.swift */; };
		1771B0671B7524AA006C1F5E /* AppTheme.swift in Sources */ = {isa = PBXBuildFile; fileRef = 1771B0631B7524AA006C1F5E /* AppTheme.swift */; };
		1771B0681B7524AA006C1F5E /* Constants.swift in Sources */ = {isa = PBXBuildFile; fileRef = 1771B0641B7524AA006C1F5E /* Constants.swift */; };
		1771B0691B7524AA006C1F5E /* NightscoutAPIClient.swift in Sources */ = {isa = PBXBuildFile; fileRef = 1771B0651B7524AA006C1F5E /* NightscoutAPIClient.swift */; };
		1771B0751B7524D5006C1F5E /* CompassControl+Convience.swift in Sources */ = {isa = PBXBuildFile; fileRef = 1771B06B1B7524D5006C1F5E /* CompassControl+Convience.swift */; };
		1771B0761B7524D5006C1F5E /* Double+Extension.swift in Sources */ = {isa = PBXBuildFile; fileRef = 1771B06C1B7524D5006C1F5E /* Double+Extension.swift */; };
		1771B0771B7524D5006C1F5E /* Int+Extensions.swift in Sources */ = {isa = PBXBuildFile; fileRef = 1771B06D1B7524D5006C1F5E /* Int+Extensions.swift */; };
		1771B0781B7524D5006C1F5E /* NSAssetKit.swift in Sources */ = {isa = PBXBuildFile; fileRef = 1771B06E1B7524D5006C1F5E /* NSAssetKit.swift */; };
		1771B0791B7524D5006C1F5E /* NSAssetKit+Helpers.swift in Sources */ = {isa = PBXBuildFile; fileRef = 1771B06F1B7524D5006C1F5E /* NSAssetKit+Helpers.swift */; };
		1771B07A1B7524D5006C1F5E /* NSCalendar+Extension.swift in Sources */ = {isa = PBXBuildFile; fileRef = 1771B0701B7524D5006C1F5E /* NSCalendar+Extension.swift */; };
		1771B07B1B7524D5006C1F5E /* NSURL-Extensions.swift in Sources */ = {isa = PBXBuildFile; fileRef = 1771B0711B7524D5006C1F5E /* NSURL-Extensions.swift */; };
		1771B07C1B7524D5006C1F5E /* String+Extensions.swift in Sources */ = {isa = PBXBuildFile; fileRef = 1771B0721B7524D5006C1F5E /* String+Extensions.swift */; };
		1771B0841B7524FD006C1F5E /* Entry.swift in Sources */ = {isa = PBXBuildFile; fileRef = 1771B0801B7524FD006C1F5E /* Entry.swift */; };
		1771B0851B7524FD006C1F5E /* ServerConfiguration.swift in Sources */ = {isa = PBXBuildFile; fileRef = 1771B0811B7524FD006C1F5E /* ServerConfiguration.swift */; };
		1771B0861B7524FD006C1F5E /* Site.swift in Sources */ = {isa = PBXBuildFile; fileRef = 1771B0821B7524FD006C1F5E /* Site.swift */; };
		1771B0871B7524FD006C1F5E /* WatchEntry.swift in Sources */ = {isa = PBXBuildFile; fileRef = 1771B0831B7524FD006C1F5E /* WatchEntry.swift */; };
		1771B08B1B75251A006C1F5E /* ColorBlockView.swift in Sources */ = {isa = PBXBuildFile; fileRef = 1771B0891B75251A006C1F5E /* ColorBlockView.swift */; };
		1771B08C1B75251A006C1F5E /* CompassControl.swift in Sources */ = {isa = PBXBuildFile; fileRef = 1771B08A1B75251A006C1F5E /* CompassControl.swift */; };
		17C95CB01B40AD0B0035922A /* Assets.xcassets in Resources */ = {isa = PBXBuildFile; fileRef = 17C95CAD1B40AD0B0035922A /* Assets.xcassets */; };
		17C95CB51B40AD400035922A /* LaunchScreen.xib in Resources */ = {isa = PBXBuildFile; fileRef = 17C95CB31B40AD400035922A /* LaunchScreen.xib */; };
		17CC02071B59384400F7DA96 /* BackgroundView.swift in Sources */ = {isa = PBXBuildFile; fileRef = 17CC02061B59384400F7DA96 /* BackgroundView.swift */; };
		17E1B47B1B62DB3E0047D594 /* Settings.bundle in Resources */ = {isa = PBXBuildFile; fileRef = 17E1B47A1B62DB3E0047D594 /* Settings.bundle */; };
		830205951B75CEE00078E744 /* NotificationCenter.framework in Frameworks */ = {isa = PBXBuildFile; fileRef = 1725511D1B75544700AC09E0 /* NotificationCenter.framework */; };
		8302059A1B75CEE00078E744 /* TodayViewController.swift in Sources */ = {isa = PBXBuildFile; fileRef = 830205991B75CEE00078E744 /* TodayViewController.swift */; };
		8302059C1B75CEE00078E744 /* MainInterface.storyboard in Resources */ = {isa = PBXBuildFile; fileRef = 8302059B1B75CEE00078E744 /* MainInterface.storyboard */; };
		8302059F1B75CEE00078E744 /* NightscouterNow.appex in Embed App Extensions */ = {isa = PBXBuildFile; fileRef = 830205941B75CEE00078E744 /* NightscouterNow.appex */; settings = {ATTRIBUTES = (RemoveHeadersOnCopy, ); }; };
		838E64451B77916300BF8A95 /* NightscouterKit.framework in Frameworks */ = {isa = PBXBuildFile; fileRef = 1771B0421B75235B006C1F5E /* NightscouterKit.framework */; };
		838E64481B779DB200BF8A95 /* SiteNSNowTableViewCell.swift in Sources */ = {isa = PBXBuildFile; fileRef = 838E64471B779DB200BF8A95 /* SiteNSNowTableViewCell.swift */; };
		839F77921B54A7C600237418 /* TestHarnessServerConfigurationViewController.swift in Sources */ = {isa = PBXBuildFile; fileRef = 839F77911B54A7C600237418 /* TestHarnessServerConfigurationViewController.swift */; };
/* End PBXBuildFile section */

/* Begin PBXContainerItemProxy section */
		1771B04E1B75235C006C1F5E /* PBXContainerItemProxy */ = {
			isa = PBXContainerItemProxy;
			containerPortal = 170825DB1B2CBABA00304F8F /* Project object */;
			proxyType = 1;
			remoteGlobalIDString = 1771B0411B75235B006C1F5E;
			remoteInfo = NightscouterKit;
		};
		1771B0501B75235C006C1F5E /* PBXContainerItemProxy */ = {
			isa = PBXContainerItemProxy;
			containerPortal = 170825DB1B2CBABA00304F8F /* Project object */;
			proxyType = 1;
			remoteGlobalIDString = 170825E21B2CBABB00304F8F;
			remoteInfo = Nightscouter;
		};
		1771B0571B75235C006C1F5E /* PBXContainerItemProxy */ = {
			isa = PBXContainerItemProxy;
			containerPortal = 170825DB1B2CBABA00304F8F /* Project object */;
			proxyType = 1;
			remoteGlobalIDString = 1771B0411B75235B006C1F5E;
			remoteInfo = NightscouterKit;
		};
		8302059D1B75CEE00078E744 /* PBXContainerItemProxy */ = {
			isa = PBXContainerItemProxy;
			containerPortal = 170825DB1B2CBABA00304F8F /* Project object */;
			proxyType = 1;
			remoteGlobalIDString = 830205931B75CEE00078E744;
			remoteInfo = NightscouterNow;
		};
/* End PBXContainerItemProxy section */

/* Begin PBXCopyFilesBuildPhase section */
		1725512C1B75544700AC09E0 /* Embed App Extensions */ = {
			isa = PBXCopyFilesBuildPhase;
			buildActionMask = 2147483647;
			dstPath = "";
			dstSubfolderSpec = 13;
			files = (
				8302059F1B75CEE00078E744 /* NightscouterNow.appex in Embed App Extensions */,
			);
			name = "Embed App Extensions";
			runOnlyForDeploymentPostprocessing = 0;
		};
		1771B0601B75235C006C1F5E /* Embed Frameworks */ = {
			isa = PBXCopyFilesBuildPhase;
			buildActionMask = 2147483647;
			dstPath = "";
			dstSubfolderSpec = 10;
			files = (
				1771B05A1B75235C006C1F5E /* NightscouterKit.framework in Embed Frameworks */,
			);
			name = "Embed Frameworks";
			runOnlyForDeploymentPostprocessing = 0;
		};
/* End PBXCopyFilesBuildPhase section */

/* Begin PBXFileReference section */
		170825E31B2CBABB00304F8F /* Nightscouter.app */ = {isa = PBXFileReference; explicitFileType = wrapper.application; includeInIndex = 0; path = Nightscouter.app; sourceTree = BUILT_PRODUCTS_DIR; };
		170825E61B2CBABB00304F8F /* AppDelegate.swift */ = {isa = PBXFileReference; lastKnownFileType = sourcecode.swift; path = AppDelegate.swift; sourceTree = "<group>"; };
		170825E81B2CBABB00304F8F /* SiteFormViewController.swift */ = {isa = PBXFileReference; lastKnownFileType = sourcecode.swift; path = SiteFormViewController.swift; sourceTree = "<group>"; };
		170825EB1B2CBABB00304F8F /* Base */ = {isa = PBXFileReference; lastKnownFileType = file.storyboard; name = Base; path = Base.lproj/Main.storyboard; sourceTree = "<group>"; };
		170825F21B2CBABB00304F8F /* Info.plist */ = {isa = PBXFileReference; lastKnownFileType = text.plist.xml; path = Info.plist; sourceTree = "<group>"; };
		171140E71B31F7F700AB4335 /* TestHarnessForCompassViewController.swift */ = {isa = PBXFileReference; fileEncoding = 4; lastKnownFileType = sourcecode.swift; path = TestHarnessForCompassViewController.swift; sourceTree = "<group>"; };
		171140E81B31F7F700AB4335 /* TestHarnessForLogTableViewController.swift */ = {isa = PBXFileReference; fileEncoding = 4; lastKnownFileType = sourcecode.swift; path = TestHarnessForLogTableViewController.swift; sourceTree = "<group>"; };
		171140E91B31F7F700AB4335 /* TestHarnessForWebSiteViewController.swift */ = {isa = PBXFileReference; fileEncoding = 4; lastKnownFileType = sourcecode.swift; path = TestHarnessForWebSiteViewController.swift; sourceTree = "<group>"; };
		171140EE1B31F85500AB4335 /* Base */ = {isa = PBXFileReference; lastKnownFileType = file.storyboard; name = Base; path = Base.lproj/Labs.storyboard; sourceTree = "<group>"; };
		171140F01B31F96900AB4335 /* TestHarnessEntryLogTableViewCell.swift */ = {isa = PBXFileReference; fileEncoding = 4; lastKnownFileType = sourcecode.swift; path = TestHarnessEntryLogTableViewCell.swift; sourceTree = "<group>"; };
		1725511D1B75544700AC09E0 /* NotificationCenter.framework */ = {isa = PBXFileReference; lastKnownFileType = wrapper.framework; name = NotificationCenter.framework; path = System/Library/Frameworks/NotificationCenter.framework; sourceTree = SDKROOT; };
		17336D541B42F81B0063FB70 /* Localizable.strings */ = {isa = PBXFileReference; fileEncoding = 4; lastKnownFileType = text.plist.strings; path = Localizable.strings; sourceTree = "<group>"; };
		1734544A1B30771300931278 /* SiteListTableViewController.swift */ = {isa = PBXFileReference; fileEncoding = 4; lastKnownFileType = sourcecode.swift; path = SiteListTableViewController.swift; sourceTree = "<group>"; };
		1734545E1B30A8A200931278 /* SiteTableViewCell.swift */ = {isa = PBXFileReference; fileEncoding = 4; lastKnownFileType = sourcecode.swift; path = SiteTableViewCell.swift; sourceTree = "<group>"; };
		1739B1BD1B31141000C22762 /* html */ = {isa = PBXFileReference; lastKnownFileType = folder; path = html; sourceTree = "<group>"; };
		1739B1C81B31152C00C22762 /* SiteDetailViewController.swift */ = {isa = PBXFileReference; fileEncoding = 4; lastKnownFileType = sourcecode.swift; path = SiteDetailViewController.swift; sourceTree = "<group>"; };
		176B070D1B52115100350C65 /* TestHarnessTableViewController.swift */ = {isa = PBXFileReference; fileEncoding = 4; lastKnownFileType = sourcecode.swift; path = TestHarnessTableViewController.swift; sourceTree = "<group>"; };
		176CF74B1B385C6A009B7E92 /* ModelController.swift */ = {isa = PBXFileReference; fileEncoding = 4; lastKnownFileType = sourcecode.swift; path = ModelController.swift; sourceTree = "<group>"; };
		176CF74D1B385D33009B7E92 /* SiteListPageViewController.swift */ = {isa = PBXFileReference; fileEncoding = 4; lastKnownFileType = sourcecode.swift; path = SiteListPageViewController.swift; sourceTree = "<group>"; };
		1771B0421B75235B006C1F5E /* NightscouterKit.framework */ = {isa = PBXFileReference; explicitFileType = wrapper.framework; includeInIndex = 0; path = NightscouterKit.framework; sourceTree = BUILT_PRODUCTS_DIR; };
		1771B0451B75235B006C1F5E /* Info.plist */ = {isa = PBXFileReference; lastKnownFileType = text.plist.xml; path = Info.plist; sourceTree = "<group>"; };
		1771B04C1B75235C006C1F5E /* NightscouterKitTests.xctest */ = {isa = PBXFileReference; explicitFileType = wrapper.cfbundle; includeInIndex = 0; path = NightscouterKitTests.xctest; sourceTree = BUILT_PRODUCTS_DIR; };
		1771B0541B75235C006C1F5E /* Info.plist */ = {isa = PBXFileReference; lastKnownFileType = text.plist.xml; path = Info.plist; sourceTree = "<group>"; };
		1771B0551B75235C006C1F5E /* NightscouterKitTests.swift */ = {isa = PBXFileReference; lastKnownFileType = sourcecode.swift; path = NightscouterKitTests.swift; sourceTree = "<group>"; };
		1771B0621B7524AA006C1F5E /* AppDataManager.swift */ = {isa = PBXFileReference; fileEncoding = 4; lastKnownFileType = sourcecode.swift; name = AppDataManager.swift; path = API/AppDataManager.swift; sourceTree = "<group>"; };
		1771B0631B7524AA006C1F5E /* AppTheme.swift */ = {isa = PBXFileReference; fileEncoding = 4; lastKnownFileType = sourcecode.swift; name = AppTheme.swift; path = API/AppTheme.swift; sourceTree = "<group>"; };
		1771B0641B7524AA006C1F5E /* Constants.swift */ = {isa = PBXFileReference; fileEncoding = 4; lastKnownFileType = sourcecode.swift; name = Constants.swift; path = API/Constants.swift; sourceTree = "<group>"; };
		1771B0651B7524AA006C1F5E /* NightscoutAPIClient.swift */ = {isa = PBXFileReference; fileEncoding = 4; lastKnownFileType = sourcecode.swift; name = NightscoutAPIClient.swift; path = API/NightscoutAPIClient.swift; sourceTree = "<group>"; };
		1771B06B1B7524D5006C1F5E /* CompassControl+Convience.swift */ = {isa = PBXFileReference; fileEncoding = 4; lastKnownFileType = sourcecode.swift; name = "CompassControl+Convience.swift"; path = "Extensions/CompassControl+Convience.swift"; sourceTree = "<group>"; };
		1771B06C1B7524D5006C1F5E /* Double+Extension.swift */ = {isa = PBXFileReference; fileEncoding = 4; lastKnownFileType = sourcecode.swift; name = "Double+Extension.swift"; path = "Extensions/Double+Extension.swift"; sourceTree = "<group>"; };
		1771B06D1B7524D5006C1F5E /* Int+Extensions.swift */ = {isa = PBXFileReference; fileEncoding = 4; lastKnownFileType = sourcecode.swift; name = "Int+Extensions.swift"; path = "Extensions/Int+Extensions.swift"; sourceTree = "<group>"; };
		1771B06E1B7524D5006C1F5E /* NSAssetKit.swift */ = {isa = PBXFileReference; fileEncoding = 4; lastKnownFileType = sourcecode.swift; name = NSAssetKit.swift; path = Extensions/NSAssetKit.swift; sourceTree = "<group>"; };
		1771B06F1B7524D5006C1F5E /* NSAssetKit+Helpers.swift */ = {isa = PBXFileReference; fileEncoding = 4; lastKnownFileType = sourcecode.swift; name = "NSAssetKit+Helpers.swift"; path = "Extensions/NSAssetKit+Helpers.swift"; sourceTree = "<group>"; };
		1771B0701B7524D5006C1F5E /* NSCalendar+Extension.swift */ = {isa = PBXFileReference; fileEncoding = 4; lastKnownFileType = sourcecode.swift; name = "NSCalendar+Extension.swift"; path = "Extensions/NSCalendar+Extension.swift"; sourceTree = "<group>"; };
		1771B0711B7524D5006C1F5E /* NSURL-Extensions.swift */ = {isa = PBXFileReference; fileEncoding = 4; lastKnownFileType = sourcecode.swift; name = "NSURL-Extensions.swift"; path = "Extensions/NSURL-Extensions.swift"; sourceTree = "<group>"; };
		1771B0721B7524D5006C1F5E /* String+Extensions.swift */ = {isa = PBXFileReference; fileEncoding = 4; lastKnownFileType = sourcecode.swift; name = "String+Extensions.swift"; path = "Extensions/String+Extensions.swift"; sourceTree = "<group>"; };
		1771B0801B7524FD006C1F5E /* Entry.swift */ = {isa = PBXFileReference; fileEncoding = 4; lastKnownFileType = sourcecode.swift; name = Entry.swift; path = Models/Entry.swift; sourceTree = "<group>"; };
		1771B0811B7524FD006C1F5E /* ServerConfiguration.swift */ = {isa = PBXFileReference; fileEncoding = 4; lastKnownFileType = sourcecode.swift; name = ServerConfiguration.swift; path = Models/ServerConfiguration.swift; sourceTree = "<group>"; };
		1771B0821B7524FD006C1F5E /* Site.swift */ = {isa = PBXFileReference; fileEncoding = 4; lastKnownFileType = sourcecode.swift; name = Site.swift; path = Models/Site.swift; sourceTree = "<group>"; };
		1771B0831B7524FD006C1F5E /* WatchEntry.swift */ = {isa = PBXFileReference; fileEncoding = 4; lastKnownFileType = sourcecode.swift; name = WatchEntry.swift; path = Models/WatchEntry.swift; sourceTree = "<group>"; };
		1771B0891B75251A006C1F5E /* ColorBlockView.swift */ = {isa = PBXFileReference; fileEncoding = 4; lastKnownFileType = sourcecode.swift; name = ColorBlockView.swift; path = Views/ColorBlockView.swift; sourceTree = "<group>"; };
		1771B08A1B75251A006C1F5E /* CompassControl.swift */ = {isa = PBXFileReference; fileEncoding = 4; lastKnownFileType = sourcecode.swift; name = CompassControl.swift; path = Views/CompassControl.swift; sourceTree = "<group>"; };
		17B1E57C1B5A89EF0093BC72 /* README.md */ = {isa = PBXFileReference; fileEncoding = 4; lastKnownFileType = net.daringfireball.markdown; path = README.md; sourceTree = "<group>"; };
		17B1E57E1B5A89FD0093BC72 /* NightscouterAssets.pcvd */ = {isa = PBXFileReference; lastKnownFileType = file.bplist; path = NightscouterAssets.pcvd; sourceTree = SOURCE_ROOT; };
		17C95CAD1B40AD0B0035922A /* Assets.xcassets */ = {isa = PBXFileReference; lastKnownFileType = folder.assetcatalog; path = Assets.xcassets; sourceTree = "<group>"; };
		17C95CB41B40AD400035922A /* Base */ = {isa = PBXFileReference; lastKnownFileType = file.xib; name = Base; path = Base.lproj/LaunchScreen.xib; sourceTree = "<group>"; };
		17CC02061B59384400F7DA96 /* BackgroundView.swift */ = {isa = PBXFileReference; fileEncoding = 4; lastKnownFileType = sourcecode.swift; path = BackgroundView.swift; sourceTree = "<group>"; };
		17E1B47A1B62DB3E0047D594 /* Settings.bundle */ = {isa = PBXFileReference; lastKnownFileType = "wrapper.plug-in"; path = Settings.bundle; sourceTree = "<group>"; };
		830205941B75CEE00078E744 /* NightscouterNow.appex */ = {isa = PBXFileReference; explicitFileType = "wrapper.app-extension"; includeInIndex = 0; path = NightscouterNow.appex; sourceTree = BUILT_PRODUCTS_DIR; };
		830205981B75CEE00078E744 /* Info.plist */ = {isa = PBXFileReference; lastKnownFileType = text.plist.xml; path = Info.plist; sourceTree = "<group>"; };
		830205991B75CEE00078E744 /* TodayViewController.swift */ = {isa = PBXFileReference; lastKnownFileType = sourcecode.swift; path = TodayViewController.swift; sourceTree = "<group>"; };
		8302059B1B75CEE00078E744 /* MainInterface.storyboard */ = {isa = PBXFileReference; lastKnownFileType = file.storyboard; path = MainInterface.storyboard; sourceTree = "<group>"; };
		838E64461B77916E00BF8A95 /* NightscouterNow.entitlements */ = {isa = PBXFileReference; lastKnownFileType = text.xml; path = NightscouterNow.entitlements; sourceTree = "<group>"; };
		838E64471B779DB200BF8A95 /* SiteNSNowTableViewCell.swift */ = {isa = PBXFileReference; fileEncoding = 4; lastKnownFileType = sourcecode.swift; path = SiteNSNowTableViewCell.swift; sourceTree = "<group>"; };
		839F77911B54A7C600237418 /* TestHarnessServerConfigurationViewController.swift */ = {isa = PBXFileReference; fileEncoding = 4; lastKnownFileType = sourcecode.swift; path = TestHarnessServerConfigurationViewController.swift; sourceTree = "<group>"; };
		83E0B40D1B756D920087CA9C /* Nightscouter.entitlements */ = {isa = PBXFileReference; lastKnownFileType = text.xml; path = Nightscouter.entitlements; sourceTree = "<group>"; };
/* End PBXFileReference section */

/* Begin PBXFrameworksBuildPhase section */
		170825E01B2CBABB00304F8F /* Frameworks */ = {
			isa = PBXFrameworksBuildPhase;
			buildActionMask = 2147483647;
			files = (
				1771B0591B75235C006C1F5E /* NightscouterKit.framework in Frameworks */,
			);
			runOnlyForDeploymentPostprocessing = 0;
		};
		1771B03E1B75235B006C1F5E /* Frameworks */ = {
			isa = PBXFrameworksBuildPhase;
			buildActionMask = 2147483647;
			files = (
			);
			runOnlyForDeploymentPostprocessing = 0;
		};
		1771B0491B75235C006C1F5E /* Frameworks */ = {
			isa = PBXFrameworksBuildPhase;
			buildActionMask = 2147483647;
			files = (
				1771B04D1B75235C006C1F5E /* NightscouterKit.framework in Frameworks */,
			);
			runOnlyForDeploymentPostprocessing = 0;
		};
		830205911B75CEE00078E744 /* Frameworks */ = {
			isa = PBXFrameworksBuildPhase;
			buildActionMask = 2147483647;
			files = (
				838E64451B77916300BF8A95 /* NightscouterKit.framework in Frameworks */,
				830205951B75CEE00078E744 /* NotificationCenter.framework in Frameworks */,
			);
			runOnlyForDeploymentPostprocessing = 0;
		};
/* End PBXFrameworksBuildPhase section */

/* Begin PBXGroup section */
		170825DA1B2CBABA00304F8F = {
			isa = PBXGroup;
			children = (
				17B1E57C1B5A89EF0093BC72 /* README.md */,
				170825E51B2CBABB00304F8F /* Nightscouter */,
				1771B0431B75235B006C1F5E /* NightscouterKit */,
				1771B0521B75235C006C1F5E /* NightscouterKitTests */,
				830205961B75CEE00078E744 /* NightscouterNow */,
				1725511C1B75544700AC09E0 /* Frameworks */,
				170825E41B2CBABB00304F8F /* Products */,
			);
			sourceTree = "<group>";
		};
		170825E41B2CBABB00304F8F /* Products */ = {
			isa = PBXGroup;
			children = (
				170825E31B2CBABB00304F8F /* Nightscouter.app */,
				1771B0421B75235B006C1F5E /* NightscouterKit.framework */,
				1771B04C1B75235C006C1F5E /* NightscouterKitTests.xctest */,
				830205941B75CEE00078E744 /* NightscouterNow.appex */,
			);
			name = Products;
			sourceTree = "<group>";
		};
		170825E51B2CBABB00304F8F /* Nightscouter */ = {
			isa = PBXGroup;
			children = (
				83E0B40D1B756D920087CA9C /* Nightscouter.entitlements */,
				170825E61B2CBABB00304F8F /* AppDelegate.swift */,
				170825F21B2CBABB00304F8F /* Info.plist */,
				1734545B1B30A11000931278 /* API */,
				173454541B308F0C00931278 /* Extensions */,
				173454561B308F2300931278 /* Models */,
				1739B1BC1B3113B500C22762 /* Resources */,
				173454551B308F1700931278 /* ViewControllers */,
				17D5A69E1B30EBDB0043C0D1 /* Views */,
			);
			path = Nightscouter;
			sourceTree = "<group>";
		};
		171140E61B31F7DD00AB4335 /* Labs */ = {
			isa = PBXGroup;
			children = (
				171140F01B31F96900AB4335 /* TestHarnessEntryLogTableViewCell.swift */,
				171140E71B31F7F700AB4335 /* TestHarnessForCompassViewController.swift */,
				171140E81B31F7F700AB4335 /* TestHarnessForLogTableViewController.swift */,
				171140E91B31F7F700AB4335 /* TestHarnessForWebSiteViewController.swift */,
				176B070D1B52115100350C65 /* TestHarnessTableViewController.swift */,
				839F77911B54A7C600237418 /* TestHarnessServerConfigurationViewController.swift */,
			);
			name = Labs;
			sourceTree = "<group>";
		};
		1725511C1B75544700AC09E0 /* Frameworks */ = {
			isa = PBXGroup;
			children = (
				1725511D1B75544700AC09E0 /* NotificationCenter.framework */,
			);
			name = Frameworks;
			sourceTree = "<group>";
		};
		173454541B308F0C00931278 /* Extensions */ = {
			isa = PBXGroup;
			children = (
			);
			name = Extensions;
			sourceTree = "<group>";
		};
		173454551B308F1700931278 /* ViewControllers */ = {
			isa = PBXGroup;
			children = (
				171140E61B31F7DD00AB4335 /* Labs */,
				1739B1C81B31152C00C22762 /* SiteDetailViewController.swift */,
				1734544A1B30771300931278 /* SiteListTableViewController.swift */,
				176CF74D1B385D33009B7E92 /* SiteListPageViewController.swift */,
				170825E81B2CBABB00304F8F /* SiteFormViewController.swift */,
			);
			name = ViewControllers;
			sourceTree = "<group>";
		};
		173454561B308F2300931278 /* Models */ = {
			isa = PBXGroup;
			children = (
				176CF74B1B385C6A009B7E92 /* ModelController.swift */,
			);
			name = Models;
			sourceTree = "<group>";
		};
		1734545B1B30A11000931278 /* API */ = {
			isa = PBXGroup;
			children = (
			);
			name = API;
			sourceTree = "<group>";
		};
		1739B1BB1B3113AA00C22762 /* Storyboards */ = {
			isa = PBXGroup;
			children = (
				171140ED1B31F85500AB4335 /* Labs.storyboard */,
				17C95CB31B40AD400035922A /* LaunchScreen.xib */,
				170825EA1B2CBABB00304F8F /* Main.storyboard */,
			);
			name = Storyboards;
			sourceTree = "<group>";
		};
		1739B1BC1B3113B500C22762 /* Resources */ = {
			isa = PBXGroup;
			children = (
				17E1B47A1B62DB3E0047D594 /* Settings.bundle */,
				17336D541B42F81B0063FB70 /* Localizable.strings */,
				1739B1BD1B31141000C22762 /* html */,
				17C95CAD1B40AD0B0035922A /* Assets.xcassets */,
			);
			name = Resources;
			sourceTree = "<group>";
		};
		1771B0431B75235B006C1F5E /* NightscouterKit */ = {
			isa = PBXGroup;
			children = (
				1771B0621B7524AA006C1F5E /* AppDataManager.swift */,
				1771B0631B7524AA006C1F5E /* AppTheme.swift */,
				1771B0641B7524AA006C1F5E /* Constants.swift */,
				1771B06A1B7524AF006C1F5E /* API */,
				1771B07F1B7524E2006C1F5E /* Extensions */,
				1771B0881B752502006C1F5E /* Models */,
				1771B0911B7541F3006C1F5E /* Resources */,
				1771B08D1B75251E006C1F5E /* Views */,
				1771B0441B75235B006C1F5E /* Supporting Files */,
			);
			path = NightscouterKit;
			sourceTree = "<group>";
		};
		1771B0441B75235B006C1F5E /* Supporting Files */ = {
			isa = PBXGroup;
			children = (
				1771B0451B75235B006C1F5E /* Info.plist */,
			);
			name = "Supporting Files";
			sourceTree = "<group>";
		};
		1771B0521B75235C006C1F5E /* NightscouterKitTests */ = {
			isa = PBXGroup;
			children = (
				1771B0551B75235C006C1F5E /* NightscouterKitTests.swift */,
				1771B0531B75235C006C1F5E /* Supporting Files */,
			);
			path = NightscouterKitTests;
			sourceTree = "<group>";
		};
		1771B0531B75235C006C1F5E /* Supporting Files */ = {
			isa = PBXGroup;
			children = (
				1771B0541B75235C006C1F5E /* Info.plist */,
			);
			name = "Supporting Files";
			sourceTree = "<group>";
		};
		1771B06A1B7524AF006C1F5E /* API */ = {
			isa = PBXGroup;
			children = (
				1771B0651B7524AA006C1F5E /* NightscoutAPIClient.swift */,
			);
			name = API;
			sourceTree = "<group>";
		};
		1771B07F1B7524E2006C1F5E /* Extensions */ = {
			isa = PBXGroup;
			children = (
				1771B08F1B754170006C1F5E /* UIKit */,
				1771B0901B754199006C1F5E /* Foundation */,
			);
			name = Extensions;
			sourceTree = "<group>";
		};
		1771B0881B752502006C1F5E /* Models */ = {
			isa = PBXGroup;
			children = (
				1771B0801B7524FD006C1F5E /* Entry.swift */,
				1771B0811B7524FD006C1F5E /* ServerConfiguration.swift */,
				1771B0821B7524FD006C1F5E /* Site.swift */,
				1771B0831B7524FD006C1F5E /* WatchEntry.swift */,
			);
			name = Models;
			sourceTree = "<group>";
		};
		1771B08D1B75251E006C1F5E /* Views */ = {
			isa = PBXGroup;
			children = (
				1771B0891B75251A006C1F5E /* ColorBlockView.swift */,
				1771B08A1B75251A006C1F5E /* CompassControl.swift */,
			);
			name = Views;
			sourceTree = "<group>";
		};
		1771B08F1B754170006C1F5E /* UIKit */ = {
			isa = PBXGroup;
			children = (
				1771B06B1B7524D5006C1F5E /* CompassControl+Convience.swift */,
				1771B06F1B7524D5006C1F5E /* NSAssetKit+Helpers.swift */,
			);
			name = UIKit;
			sourceTree = "<group>";
		};
		1771B0901B754199006C1F5E /* Foundation */ = {
			isa = PBXGroup;
			children = (
				1771B06C1B7524D5006C1F5E /* Double+Extension.swift */,
				1771B06D1B7524D5006C1F5E /* Int+Extensions.swift */,
				1771B0701B7524D5006C1F5E /* NSCalendar+Extension.swift */,
				1771B0711B7524D5006C1F5E /* NSURL-Extensions.swift */,
				1771B0721B7524D5006C1F5E /* String+Extensions.swift */,
			);
			name = Foundation;
			sourceTree = "<group>";
		};
		1771B0911B7541F3006C1F5E /* Resources */ = {
			isa = PBXGroup;
			children = (
				17B1E57E1B5A89FD0093BC72 /* NightscouterAssets.pcvd */,
				1771B06E1B7524D5006C1F5E /* NSAssetKit.swift */,
			);
			name = Resources;
			sourceTree = "<group>";
		};
		17D5A69E1B30EBDB0043C0D1 /* Views */ = {
			isa = PBXGroup;
			children = (
				1734545E1B30A8A200931278 /* SiteTableViewCell.swift */,
				17CC02061B59384400F7DA96 /* BackgroundView.swift */,
				1739B1BB1B3113AA00C22762 /* Storyboards */,
			);
			name = Views;
			sourceTree = "<group>";
		};
		830205961B75CEE00078E744 /* NightscouterNow */ = {
			isa = PBXGroup;
			children = (
				838E64461B77916E00BF8A95 /* NightscouterNow.entitlements */,
				830205991B75CEE00078E744 /* TodayViewController.swift */,
				838E64471B779DB200BF8A95 /* SiteNSNowTableViewCell.swift */,
				8302059B1B75CEE00078E744 /* MainInterface.storyboard */,
				830205971B75CEE00078E744 /* Supporting Files */,
			);
			path = NightscouterNow;
			sourceTree = "<group>";
		};
		830205971B75CEE00078E744 /* Supporting Files */ = {
			isa = PBXGroup;
			children = (
				830205981B75CEE00078E744 /* Info.plist */,
			);
			name = "Supporting Files";
			sourceTree = "<group>";
		};
/* End PBXGroup section */

/* Begin PBXHeadersBuildPhase section */
		1771B03F1B75235B006C1F5E /* Headers */ = {
			isa = PBXHeadersBuildPhase;
			buildActionMask = 2147483647;
			files = (
			);
			runOnlyForDeploymentPostprocessing = 0;
		};
/* End PBXHeadersBuildPhase section */

/* Begin PBXNativeTarget section */
		170825E21B2CBABB00304F8F /* Nightscouter */ = {
			isa = PBXNativeTarget;
			buildConfigurationList = 1708260B1B2CBABB00304F8F /* Build configuration list for PBXNativeTarget "Nightscouter" */;
			buildPhases = (
				170825DF1B2CBABB00304F8F /* Sources */,
				170825E01B2CBABB00304F8F /* Frameworks */,
				170825E11B2CBABB00304F8F /* Resources */,
				1771B0601B75235C006C1F5E /* Embed Frameworks */,
				1725512C1B75544700AC09E0 /* Embed App Extensions */,
			);
			buildRules = (
			);
			dependencies = (
				1771B0581B75235C006C1F5E /* PBXTargetDependency */,
				8302059E1B75CEE00078E744 /* PBXTargetDependency */,
			);
			name = Nightscouter;
			productName = Nightscouter;
			productReference = 170825E31B2CBABB00304F8F /* Nightscouter.app */;
			productType = "com.apple.product-type.application";
		};
		1771B0411B75235B006C1F5E /* NightscouterKit */ = {
			isa = PBXNativeTarget;
			buildConfigurationList = 1771B05F1B75235C006C1F5E /* Build configuration list for PBXNativeTarget "NightscouterKit" */;
			buildPhases = (
				1771B03D1B75235B006C1F5E /* Sources */,
				1771B03E1B75235B006C1F5E /* Frameworks */,
				1771B03F1B75235B006C1F5E /* Headers */,
				1771B0401B75235B006C1F5E /* Resources */,
			);
			buildRules = (
			);
			dependencies = (
			);
			name = NightscouterKit;
			productName = NightscouterKit;
			productReference = 1771B0421B75235B006C1F5E /* NightscouterKit.framework */;
			productType = "com.apple.product-type.framework";
		};
		1771B04B1B75235C006C1F5E /* NightscouterKitTests */ = {
			isa = PBXNativeTarget;
			buildConfigurationList = 1771B0611B75235C006C1F5E /* Build configuration list for PBXNativeTarget "NightscouterKitTests" */;
			buildPhases = (
				1771B0481B75235C006C1F5E /* Sources */,
				1771B0491B75235C006C1F5E /* Frameworks */,
				1771B04A1B75235C006C1F5E /* Resources */,
			);
			buildRules = (
			);
			dependencies = (
				1771B04F1B75235C006C1F5E /* PBXTargetDependency */,
				1771B0511B75235C006C1F5E /* PBXTargetDependency */,
			);
			name = NightscouterKitTests;
			productName = NightscouterKitTests;
			productReference = 1771B04C1B75235C006C1F5E /* NightscouterKitTests.xctest */;
			productType = "com.apple.product-type.bundle.unit-test";
		};
		830205931B75CEE00078E744 /* NightscouterNow */ = {
			isa = PBXNativeTarget;
			buildConfigurationList = 830205A01B75CEE00078E744 /* Build configuration list for PBXNativeTarget "NightscouterNow" */;
			buildPhases = (
				830205901B75CEE00078E744 /* Sources */,
				830205911B75CEE00078E744 /* Frameworks */,
				830205921B75CEE00078E744 /* Resources */,
			);
			buildRules = (
			);
			dependencies = (
			);
			name = NightscouterNow;
			productName = NightscouterNow;
			productReference = 830205941B75CEE00078E744 /* NightscouterNow.appex */;
			productType = "com.apple.product-type.app-extension";
		};
/* End PBXNativeTarget section */

/* Begin PBXProject section */
		170825DB1B2CBABA00304F8F /* Project object */ = {
			isa = PBXProject;
			attributes = {
				LastSwiftUpdateCheck = 0700;
				LastUpgradeCheck = 0700;
				ORGANIZATIONNAME = "Peter Ina";
				TargetAttributes = {
					170825E21B2CBABB00304F8F = {
						CreatedOnToolsVersion = 7.0;
						DevelopmentTeam = F754VXZDPA;
						SystemCapabilities = {
							com.apple.ApplicationGroups.iOS = {
								enabled = 1;
							};
							com.apple.BackgroundModes = {
								enabled = 1;
							};
						};
					};
					1771B0411B75235B006C1F5E = {
						CreatedOnToolsVersion = 6.4;
						DevelopmentTeam = F754VXZDPA;
					};
					1771B04B1B75235C006C1F5E = {
						CreatedOnToolsVersion = 6.4;
						TestTargetID = 170825E21B2CBABB00304F8F;
					};
					830205931B75CEE00078E744 = {
						CreatedOnToolsVersion = 6.4;
						DevelopmentTeam = F754VXZDPA;
						SystemCapabilities = {
							com.apple.ApplicationGroups.iOS = {
								enabled = 1;
							};
						};
					};
				};
			};
			buildConfigurationList = 170825DE1B2CBABA00304F8F /* Build configuration list for PBXProject "Nightscouter" */;
			compatibilityVersion = "Xcode 3.2";
			developmentRegion = English;
			hasScannedForEncodings = 0;
			knownRegions = (
				en,
				Base,
			);
			mainGroup = 170825DA1B2CBABA00304F8F;
			productRefGroup = 170825E41B2CBABB00304F8F /* Products */;
			projectDirPath = "";
			projectRoot = "";
			targets = (
				170825E21B2CBABB00304F8F /* Nightscouter */,
				1771B0411B75235B006C1F5E /* NightscouterKit */,
				830205931B75CEE00078E744 /* NightscouterNow */,
				1771B04B1B75235C006C1F5E /* NightscouterKitTests */,
			);
		};
/* End PBXProject section */

/* Begin PBXResourcesBuildPhase section */
		170825E11B2CBABB00304F8F /* Resources */ = {
			isa = PBXResourcesBuildPhase;
			buildActionMask = 2147483647;
			files = (
				17C95CB51B40AD400035922A /* LaunchScreen.xib in Resources */,
				171140EF1B31F85500AB4335 /* Labs.storyboard in Resources */,
				1739B1BE1B31141000C22762 /* html in Resources */,
				17C95CB01B40AD0B0035922A /* Assets.xcassets in Resources */,
				170825EC1B2CBABB00304F8F /* Main.storyboard in Resources */,
				17336D551B42F81B0063FB70 /* Localizable.strings in Resources */,
				17E1B47B1B62DB3E0047D594 /* Settings.bundle in Resources */,
			);
			runOnlyForDeploymentPostprocessing = 0;
		};
		1771B0401B75235B006C1F5E /* Resources */ = {
			isa = PBXResourcesBuildPhase;
			buildActionMask = 2147483647;
			files = (
			);
			runOnlyForDeploymentPostprocessing = 0;
		};
		1771B04A1B75235C006C1F5E /* Resources */ = {
			isa = PBXResourcesBuildPhase;
			buildActionMask = 2147483647;
			files = (
			);
			runOnlyForDeploymentPostprocessing = 0;
		};
		830205921B75CEE00078E744 /* Resources */ = {
			isa = PBXResourcesBuildPhase;
			buildActionMask = 2147483647;
			files = (
				8302059C1B75CEE00078E744 /* MainInterface.storyboard in Resources */,
			);
			runOnlyForDeploymentPostprocessing = 0;
		};
/* End PBXResourcesBuildPhase section */

/* Begin PBXSourcesBuildPhase section */
		170825DF1B2CBABB00304F8F /* Sources */ = {
			isa = PBXSourcesBuildPhase;
			buildActionMask = 2147483647;
			files = (
				176B070E1B52115100350C65 /* TestHarnessTableViewController.swift in Sources */,
				170825E91B2CBABB00304F8F /* SiteFormViewController.swift in Sources */,
				171140EB1B31F7F700AB4335 /* TestHarnessForLogTableViewController.swift in Sources */,
				171140F11B31F96900AB4335 /* TestHarnessEntryLogTableViewCell.swift in Sources */,
				17CC02071B59384400F7DA96 /* BackgroundView.swift in Sources */,
				1734545F1B30A8A200931278 /* SiteTableViewCell.swift in Sources */,
				176CF74C1B385C6A009B7E92 /* ModelController.swift in Sources */,
				176CF74E1B385D33009B7E92 /* SiteListPageViewController.swift in Sources */,
				1734544B1B30771300931278 /* SiteListTableViewController.swift in Sources */,
				171140EA1B31F7F700AB4335 /* TestHarnessForCompassViewController.swift in Sources */,
				171140EC1B31F7F700AB4335 /* TestHarnessForWebSiteViewController.swift in Sources */,
				839F77921B54A7C600237418 /* TestHarnessServerConfigurationViewController.swift in Sources */,
				170825E71B2CBABB00304F8F /* AppDelegate.swift in Sources */,
				1739B1CA1B31152C00C22762 /* SiteDetailViewController.swift in Sources */,
			);
			runOnlyForDeploymentPostprocessing = 0;
		};
		1771B03D1B75235B006C1F5E /* Sources */ = {
			isa = PBXSourcesBuildPhase;
			buildActionMask = 2147483647;
			files = (
				1771B0841B7524FD006C1F5E /* Entry.swift in Sources */,
				1771B0791B7524D5006C1F5E /* NSAssetKit+Helpers.swift in Sources */,
				1771B07B1B7524D5006C1F5E /* NSURL-Extensions.swift in Sources */,
				1771B0851B7524FD006C1F5E /* ServerConfiguration.swift in Sources */,
				1771B0661B7524AA006C1F5E /* AppDataManager.swift in Sources */,
				1771B08C1B75251A006C1F5E /* CompassControl.swift in Sources */,
				1771B08B1B75251A006C1F5E /* ColorBlockView.swift in Sources */,
				1771B07A1B7524D5006C1F5E /* NSCalendar+Extension.swift in Sources */,
				1771B07C1B7524D5006C1F5E /* String+Extensions.swift in Sources */,
				1771B0861B7524FD006C1F5E /* Site.swift in Sources */,
				1771B0691B7524AA006C1F5E /* NightscoutAPIClient.swift in Sources */,
				1771B0761B7524D5006C1F5E /* Double+Extension.swift in Sources */,
				1771B0751B7524D5006C1F5E /* CompassControl+Convience.swift in Sources */,
				1771B0781B7524D5006C1F5E /* NSAssetKit.swift in Sources */,
				1771B0771B7524D5006C1F5E /* Int+Extensions.swift in Sources */,
				1771B0671B7524AA006C1F5E /* AppTheme.swift in Sources */,
				1771B0871B7524FD006C1F5E /* WatchEntry.swift in Sources */,
				1771B0681B7524AA006C1F5E /* Constants.swift in Sources */,
			);
			runOnlyForDeploymentPostprocessing = 0;
		};
		1771B0481B75235C006C1F5E /* Sources */ = {
			isa = PBXSourcesBuildPhase;
			buildActionMask = 2147483647;
			files = (
				1771B0561B75235C006C1F5E /* NightscouterKitTests.swift in Sources */,
			);
			runOnlyForDeploymentPostprocessing = 0;
		};
		830205901B75CEE00078E744 /* Sources */ = {
			isa = PBXSourcesBuildPhase;
			buildActionMask = 2147483647;
			files = (
				838E64481B779DB200BF8A95 /* SiteNSNowTableViewCell.swift in Sources */,
				8302059A1B75CEE00078E744 /* TodayViewController.swift in Sources */,
			);
			runOnlyForDeploymentPostprocessing = 0;
		};
/* End PBXSourcesBuildPhase section */

/* Begin PBXTargetDependency section */
		1771B04F1B75235C006C1F5E /* PBXTargetDependency */ = {
			isa = PBXTargetDependency;
			target = 1771B0411B75235B006C1F5E /* NightscouterKit */;
			targetProxy = 1771B04E1B75235C006C1F5E /* PBXContainerItemProxy */;
		};
		1771B0511B75235C006C1F5E /* PBXTargetDependency */ = {
			isa = PBXTargetDependency;
			target = 170825E21B2CBABB00304F8F /* Nightscouter */;
			targetProxy = 1771B0501B75235C006C1F5E /* PBXContainerItemProxy */;
		};
		1771B0581B75235C006C1F5E /* PBXTargetDependency */ = {
			isa = PBXTargetDependency;
			target = 1771B0411B75235B006C1F5E /* NightscouterKit */;
			targetProxy = 1771B0571B75235C006C1F5E /* PBXContainerItemProxy */;
		};
		8302059E1B75CEE00078E744 /* PBXTargetDependency */ = {
			isa = PBXTargetDependency;
			target = 830205931B75CEE00078E744 /* NightscouterNow */;
			targetProxy = 8302059D1B75CEE00078E744 /* PBXContainerItemProxy */;
		};
/* End PBXTargetDependency section */

/* Begin PBXVariantGroup section */
		170825EA1B2CBABB00304F8F /* Main.storyboard */ = {
			isa = PBXVariantGroup;
			children = (
				170825EB1B2CBABB00304F8F /* Base */,
			);
			name = Main.storyboard;
			sourceTree = "<group>";
		};
		171140ED1B31F85500AB4335 /* Labs.storyboard */ = {
			isa = PBXVariantGroup;
			children = (
				171140EE1B31F85500AB4335 /* Base */,
			);
			name = Labs.storyboard;
			sourceTree = "<group>";
		};
		17C95CB31B40AD400035922A /* LaunchScreen.xib */ = {
			isa = PBXVariantGroup;
			children = (
				17C95CB41B40AD400035922A /* Base */,
			);
			name = LaunchScreen.xib;
			sourceTree = "<group>";
		};
/* End PBXVariantGroup section */

/* Begin XCBuildConfiguration section */
		170826091B2CBABB00304F8F /* Debug */ = {
			isa = XCBuildConfiguration;
			buildSettings = {
				ALWAYS_SEARCH_USER_PATHS = NO;
				CLANG_CXX_LANGUAGE_STANDARD = "gnu++0x";
				CLANG_CXX_LIBRARY = "libc++";
				CLANG_ENABLE_MODULES = YES;
				CLANG_ENABLE_OBJC_ARC = YES;
				CLANG_WARN_BOOL_CONVERSION = YES;
				CLANG_WARN_CONSTANT_CONVERSION = YES;
				CLANG_WARN_DIRECT_OBJC_ISA_USAGE = YES_ERROR;
				CLANG_WARN_EMPTY_BODY = YES;
				CLANG_WARN_ENUM_CONVERSION = YES;
				CLANG_WARN_INT_CONVERSION = YES;
				CLANG_WARN_OBJC_ROOT_CLASS = YES_ERROR;
				CLANG_WARN_UNREACHABLE_CODE = YES;
				CLANG_WARN__DUPLICATE_METHOD_MATCH = YES;
				"CODE_SIGN_IDENTITY[sdk=iphoneos*]" = "iPhone Developer";
				COPY_PHASE_STRIP = NO;
				DEBUG_INFORMATION_FORMAT = dwarf;
				ENABLE_STRICT_OBJC_MSGSEND = YES;
				ENABLE_TESTABILITY = YES;
				GCC_C_LANGUAGE_STANDARD = gnu99;
				GCC_DYNAMIC_NO_PIC = NO;
				GCC_NO_COMMON_BLOCKS = YES;
				GCC_OPTIMIZATION_LEVEL = 0;
				GCC_PREPROCESSOR_DEFINITIONS = (
					"DEBUG=1",
					"$(inherited)",
				);
				GCC_WARN_64_TO_32_BIT_CONVERSION = YES;
				GCC_WARN_ABOUT_RETURN_TYPE = YES_ERROR;
				GCC_WARN_UNDECLARED_SELECTOR = YES;
				GCC_WARN_UNINITIALIZED_AUTOS = YES_AGGRESSIVE;
				GCC_WARN_UNUSED_FUNCTION = YES;
				GCC_WARN_UNUSED_VARIABLE = YES;
				IPHONEOS_DEPLOYMENT_TARGET = 8.3;
				MTL_ENABLE_DEBUG_INFO = YES;
				ONLY_ACTIVE_ARCH = YES;
				SDKROOT = iphoneos;
				SWIFT_OPTIMIZATION_LEVEL = "-Onone";
				TARGETED_DEVICE_FAMILY = "1,2";
			};
			name = Debug;
		};
		1708260A1B2CBABB00304F8F /* Release */ = {
			isa = XCBuildConfiguration;
			buildSettings = {
				ALWAYS_SEARCH_USER_PATHS = NO;
				CLANG_CXX_LANGUAGE_STANDARD = "gnu++0x";
				CLANG_CXX_LIBRARY = "libc++";
				CLANG_ENABLE_MODULES = YES;
				CLANG_ENABLE_OBJC_ARC = YES;
				CLANG_WARN_BOOL_CONVERSION = YES;
				CLANG_WARN_CONSTANT_CONVERSION = YES;
				CLANG_WARN_DIRECT_OBJC_ISA_USAGE = YES_ERROR;
				CLANG_WARN_EMPTY_BODY = YES;
				CLANG_WARN_ENUM_CONVERSION = YES;
				CLANG_WARN_INT_CONVERSION = YES;
				CLANG_WARN_OBJC_ROOT_CLASS = YES_ERROR;
				CLANG_WARN_UNREACHABLE_CODE = YES;
				CLANG_WARN__DUPLICATE_METHOD_MATCH = YES;
				"CODE_SIGN_IDENTITY[sdk=iphoneos*]" = "iPhone Developer";
				COPY_PHASE_STRIP = NO;
				DEBUG_INFORMATION_FORMAT = "dwarf-with-dsym";
				ENABLE_NS_ASSERTIONS = NO;
				ENABLE_STRICT_OBJC_MSGSEND = YES;
				GCC_C_LANGUAGE_STANDARD = gnu99;
				GCC_NO_COMMON_BLOCKS = YES;
				GCC_WARN_64_TO_32_BIT_CONVERSION = YES;
				GCC_WARN_ABOUT_RETURN_TYPE = YES_ERROR;
				GCC_WARN_UNDECLARED_SELECTOR = YES;
				GCC_WARN_UNINITIALIZED_AUTOS = YES_AGGRESSIVE;
				GCC_WARN_UNUSED_FUNCTION = YES;
				GCC_WARN_UNUSED_VARIABLE = YES;
				IPHONEOS_DEPLOYMENT_TARGET = 8.3;
				MTL_ENABLE_DEBUG_INFO = NO;
				SDKROOT = iphoneos;
				TARGETED_DEVICE_FAMILY = "1,2";
				VALIDATE_PRODUCT = YES;
			};
			name = Release;
		};
		1708260C1B2CBABB00304F8F /* Debug */ = {
			isa = XCBuildConfiguration;
			buildSettings = {
				ASSETCATALOG_COMPILER_APPICON_NAME = AppIcon;
				CODE_SIGN_ENTITLEMENTS = Nightscouter/Nightscouter.entitlements;
				CODE_SIGN_IDENTITY = "iPhone Developer";
				"CODE_SIGN_IDENTITY[sdk=iphoneos*]" = "iPhone Developer";
				INFOPLIST_FILE = Nightscouter/Info.plist;
				IPHONEOS_DEPLOYMENT_TARGET = 8.3;
				LD_RUNPATH_SEARCH_PATHS = "$(inherited) @executable_path/Frameworks";
				OTHER_SWIFT_FLAGS = "";
				"OTHER_SWIFT_FLAGS[arch=*]" = "-D DEBUG";
				PRODUCT_BUNDLE_IDENTIFIER = com.nothingonline.Nightscouter;
				PRODUCT_NAME = "$(TARGET_NAME)";
				PROVISIONING_PROFILE = "";
			};
			name = Debug;
		};
		1708260D1B2CBABB00304F8F /* Release */ = {
			isa = XCBuildConfiguration;
			buildSettings = {
				ASSETCATALOG_COMPILER_APPICON_NAME = AppIcon;
				CODE_SIGN_ENTITLEMENTS = Nightscouter/Nightscouter.entitlements;
				CODE_SIGN_IDENTITY = "iPhone Developer";
				"CODE_SIGN_IDENTITY[sdk=iphoneos*]" = "iPhone Developer";
				INFOPLIST_FILE = Nightscouter/Info.plist;
				IPHONEOS_DEPLOYMENT_TARGET = 8.3;
				LD_RUNPATH_SEARCH_PATHS = "$(inherited) @executable_path/Frameworks";
				OTHER_SWIFT_FLAGS = "";
				PRODUCT_BUNDLE_IDENTIFIER = com.nothingonline.Nightscouter;
				PRODUCT_NAME = "$(TARGET_NAME)";
				PROVISIONING_PROFILE = "";
			};
			name = Release;
		};
		1771B05B1B75235C006C1F5E /* Debug */ = {
			isa = XCBuildConfiguration;
			buildSettings = {
				APPLICATION_EXTENSION_API_ONLY = YES;
				CLANG_ENABLE_MODULES = YES;
				CODE_SIGN_IDENTITY = "iPhone Developer";
				CURRENT_PROJECT_VERSION = 1;
				DEBUG_INFORMATION_FORMAT = "dwarf-with-dsym";
				DEFINES_MODULE = YES;
				DYLIB_COMPATIBILITY_VERSION = 1;
				DYLIB_CURRENT_VERSION = 1;
				DYLIB_INSTALL_NAME_BASE = "@rpath";
				GCC_PREPROCESSOR_DEFINITIONS = (
					"DEBUG=1",
					"$(inherited)",
				);
				GCC_SYMBOLS_PRIVATE_EXTERN = NO;
				INFOPLIST_FILE = NightscouterKit/Info.plist;
				INSTALL_PATH = "$(LOCAL_LIBRARY_DIR)/Frameworks";
				IPHONEOS_DEPLOYMENT_TARGET = 8.3;
				LD_RUNPATH_SEARCH_PATHS = "$(inherited) @executable_path/Frameworks @loader_path/Frameworks";
				PRODUCT_NAME = "$(TARGET_NAME)";
				SKIP_INSTALL = YES;
				SWIFT_OPTIMIZATION_LEVEL = "-Onone";
				VERSIONING_SYSTEM = "apple-generic";
				VERSION_INFO_PREFIX = "";
			};
			name = Debug;
		};
		1771B05C1B75235C006C1F5E /* Release */ = {
			isa = XCBuildConfiguration;
			buildSettings = {
				APPLICATION_EXTENSION_API_ONLY = YES;
				CLANG_ENABLE_MODULES = YES;
				CODE_SIGN_IDENTITY = "iPhone Developer";
				CURRENT_PROJECT_VERSION = 1;
				DEFINES_MODULE = YES;
				DYLIB_COMPATIBILITY_VERSION = 1;
				DYLIB_CURRENT_VERSION = 1;
				DYLIB_INSTALL_NAME_BASE = "@rpath";
				INFOPLIST_FILE = NightscouterKit/Info.plist;
				INSTALL_PATH = "$(LOCAL_LIBRARY_DIR)/Frameworks";
				IPHONEOS_DEPLOYMENT_TARGET = 8.3;
				LD_RUNPATH_SEARCH_PATHS = "$(inherited) @executable_path/Frameworks @loader_path/Frameworks";
				PRODUCT_NAME = "$(TARGET_NAME)";
				SKIP_INSTALL = YES;
				VERSIONING_SYSTEM = "apple-generic";
				VERSION_INFO_PREFIX = "";
			};
			name = Release;
		};
		1771B05D1B75235C006C1F5E /* Debug */ = {
			isa = XCBuildConfiguration;
			buildSettings = {
				DEBUG_INFORMATION_FORMAT = "dwarf-with-dsym";
				FRAMEWORK_SEARCH_PATHS = (
					"$(SDKROOT)/Developer/Library/Frameworks",
					"$(inherited)",
				);
				GCC_PREPROCESSOR_DEFINITIONS = (
					"DEBUG=1",
					"$(inherited)",
				);
				GCC_SYMBOLS_PRIVATE_EXTERN = NO;
				INFOPLIST_FILE = NightscouterKitTests/Info.plist;
				IPHONEOS_DEPLOYMENT_TARGET = 8.4;
				LD_RUNPATH_SEARCH_PATHS = "$(inherited) @executable_path/Frameworks @loader_path/Frameworks";
				PRODUCT_NAME = "$(TARGET_NAME)";
				TEST_HOST = "$(BUILT_PRODUCTS_DIR)/Nightscouter.app/Nightscouter";
			};
			name = Debug;
		};
		1771B05E1B75235C006C1F5E /* Release */ = {
			isa = XCBuildConfiguration;
			buildSettings = {
				FRAMEWORK_SEARCH_PATHS = (
					"$(SDKROOT)/Developer/Library/Frameworks",
					"$(inherited)",
				);
				INFOPLIST_FILE = NightscouterKitTests/Info.plist;
				IPHONEOS_DEPLOYMENT_TARGET = 8.4;
				LD_RUNPATH_SEARCH_PATHS = "$(inherited) @executable_path/Frameworks @loader_path/Frameworks";
				PRODUCT_NAME = "$(TARGET_NAME)";
				TEST_HOST = "$(BUILT_PRODUCTS_DIR)/Nightscouter.app/Nightscouter";
			};
			name = Release;
		};
		830205A11B75CEE00078E744 /* Debug */ = {
			isa = XCBuildConfiguration;
			buildSettings = {
				CODE_SIGN_ENTITLEMENTS = NightscouterNow/NightscouterNow.entitlements;
				CODE_SIGN_IDENTITY = "iPhone Developer";
				"CODE_SIGN_IDENTITY[sdk=iphoneos*]" = "iPhone Developer";
				DEBUG_INFORMATION_FORMAT = "dwarf-with-dsym";
				GCC_PREPROCESSOR_DEFINITIONS = (
					"DEBUG=1",
					"$(inherited)",
				);
				GCC_SYMBOLS_PRIVATE_EXTERN = NO;
				INFOPLIST_FILE = NightscouterNow/Info.plist;
				IPHONEOS_DEPLOYMENT_TARGET = 8.4;
				LD_RUNPATH_SEARCH_PATHS = "$(inherited) @executable_path/Frameworks @executable_path/../../Frameworks";
				PRODUCT_NAME = "$(TARGET_NAME)";
				SKIP_INSTALL = YES;
			};
			name = Debug;
		};
		830205A21B75CEE00078E744 /* Release */ = {
			isa = XCBuildConfiguration;
			buildSettings = {
				CODE_SIGN_ENTITLEMENTS = NightscouterNow/NightscouterNow.entitlements;
				CODE_SIGN_IDENTITY = "iPhone Developer";
				"CODE_SIGN_IDENTITY[sdk=iphoneos*]" = "iPhone Developer";
				INFOPLIST_FILE = NightscouterNow/Info.plist;
				IPHONEOS_DEPLOYMENT_TARGET = 8.4;
				LD_RUNPATH_SEARCH_PATHS = "$(inherited) @executable_path/Frameworks @executable_path/../../Frameworks";
				PRODUCT_NAME = "$(TARGET_NAME)";
				SKIP_INSTALL = YES;
			};
			name = Release;
		};
/* End XCBuildConfiguration section */

/* Begin XCConfigurationList section */
		170825DE1B2CBABA00304F8F /* Build configuration list for PBXProject "Nightscouter" */ = {
			isa = XCConfigurationList;
			buildConfigurations = (
				170826091B2CBABB00304F8F /* Debug */,
				1708260A1B2CBABB00304F8F /* Release */,
			);
			defaultConfigurationIsVisible = 0;
			defaultConfigurationName = Release;
		};
		1708260B1B2CBABB00304F8F /* Build configuration list for PBXNativeTarget "Nightscouter" */ = {
			isa = XCConfigurationList;
			buildConfigurations = (
				1708260C1B2CBABB00304F8F /* Debug */,
				1708260D1B2CBABB00304F8F /* Release */,
			);
			defaultConfigurationIsVisible = 0;
			defaultConfigurationName = Release;
		};
		1771B05F1B75235C006C1F5E /* Build configuration list for PBXNativeTarget "NightscouterKit" */ = {
			isa = XCConfigurationList;
			buildConfigurations = (
				1771B05B1B75235C006C1F5E /* Debug */,
				1771B05C1B75235C006C1F5E /* Release */,
			);
			defaultConfigurationIsVisible = 0;
			defaultConfigurationName = Release;
		};
		1771B0611B75235C006C1F5E /* Build configuration list for PBXNativeTarget "NightscouterKitTests" */ = {
			isa = XCConfigurationList;
			buildConfigurations = (
				1771B05D1B75235C006C1F5E /* Debug */,
				1771B05E1B75235C006C1F5E /* Release */,
			);
			defaultConfigurationIsVisible = 0;
			defaultConfigurationName = Release;
		};
		830205A01B75CEE00078E744 /* Build configuration list for PBXNativeTarget "NightscouterNow" */ = {
			isa = XCConfigurationList;
			buildConfigurations = (
				830205A11B75CEE00078E744 /* Debug */,
				830205A21B75CEE00078E744 /* Release */,
			);
			defaultConfigurationIsVisible = 0;
			defaultConfigurationName = Release;
		};
/* End XCConfigurationList section */
	};
	rootObject = 170825DB1B2CBABA00304F8F /* Project object */;
}
